<?xml version="1.0" encoding="utf-8"?>
<Project ToolsVersion="4.0" xmlns="http://schemas.microsoft.com/developer/msbuild/2003">
  <ItemGroup>
    <Filter Include="Source Files">
      <UniqueIdentifier>{4FC737F1-C7A5-4376-A066-2A32D752A2FF}</UniqueIdentifier>
      <Extensions>cpp;c;cc;cxx;def;odl;idl;hpj;bat;asm;asmx</Extensions>
    </Filter>
    <Filter Include="Header Files">
      <UniqueIdentifier>{93995380-89BD-4b04-88EB-625FBE52EBFB}</UniqueIdentifier>
      <Extensions>h;hh;hpp;hxx;hm;inl;inc;xsd</Extensions>
    </Filter>
    <Filter Include="Resource Files">
      <UniqueIdentifier>{67DA6AB6-F800-4c08-8B7A-83BB121AAD01}</UniqueIdentifier>
      <Extensions>rc;ico;cur;bmp;dlg;rc2;rct;bin;rgs;gif;jpg;jpeg;jpe;resx;tiff;tif;png;wav;mfcribbon-ms</Extensions>
    </Filter>
    <Filter Include="MD2 Files">
      <UniqueIdentifier>{eba02f75-694a-454f-9509-af28c3cffdb9}</UniqueIdentifier>
    </Filter>
    <Filter Include="Light Headers">
      <UniqueIdentifier>{189a5bdf-e791-4876-a403-2989d393e579}</UniqueIdentifier>
    </Filter>
    <Filter Include="Light Source">
      <UniqueIdentifier>{02be8f18-d835-461a-a9ab-0ec312bc559d}</UniqueIdentifier>
    </Filter>
  </ItemGroup>
  <ItemGroup>
    <ClInclude Include="Framework.h">
      <Filter>Header Files</Filter>
    </ClInclude>
    <ClInclude Include="Rasteriser.h">
      <Filter>Header Files</Filter>
    </ClInclude>
    <ClInclude Include="Resource.h">
      <Filter>Resource Files</Filter>
    </ClInclude>
    <ClInclude Include="targetver.h">
      <Filter>Header Files</Filter>
    </ClInclude>
    <ClInclude Include="Bitmap.h">
      <Filter>Header Files</Filter>
    </ClInclude>
    <ClInclude Include="Vertex.h">
      <Filter>Header Files</Filter>
    </ClInclude>
    <ClInclude Include="Matrix.h">
      <Filter>Header Files</Filter>
    </ClInclude>
    <ClInclude Include="MD2Loader.h">
      <Filter>Header Files</Filter>
    </ClInclude>
    <ClInclude Include="Polygon3D.h">
      <Filter>Header Files</Filter>
    </ClInclude>
    <ClInclude Include="Model.h">
      <Filter>Header Files</Filter>
    </ClInclude>
    <ClInclude Include="Camera.h">
      <Filter>Header Files</Filter>
    </ClInclude>
    <ClInclude Include="Vector3D.h">
      <Filter>Header Files</Filter>
    </ClInclude>
    <ClInclude Include="BaseLight.h">
      <Filter>Light Headers</Filter>
    </ClInclude>
    <ClInclude Include="DirectionalLight.h">
      <Filter>Light Headers</Filter>
    </ClInclude>
    <ClInclude Include="AmbientLight.h">
      <Filter>Light Headers</Filter>
    </ClInclude>
  </ItemGroup>
  <ItemGroup>
    <ClCompile Include="Framework.cpp">
      <Filter>Source Files</Filter>
    </ClCompile>
    <ClCompile Include="Bitmap.cpp">
      <Filter>Source Files</Filter>
    </ClCompile>
    <ClCompile Include="Vertex.cpp">
      <Filter>Source Files</Filter>
    </ClCompile>
    <ClCompile Include="Rasteriser.cpp">
      <Filter>Source Files</Filter>
    </ClCompile>
    <ClCompile Include="Matrix.cpp">
      <Filter>Source Files</Filter>
    </ClCompile>
    <ClCompile Include="MD2Loader.cpp">
      <Filter>Source Files</Filter>
    </ClCompile>
    <ClCompile Include="Polygon3D.cpp">
      <Filter>Source Files</Filter>
    </ClCompile>
    <ClCompile Include="Model.cpp">
      <Filter>Source Files</Filter>
    </ClCompile>
    <ClCompile Include="Camera.cpp">
      <Filter>Source Files</Filter>
    </ClCompile>
    <ClCompile Include="Vector3D.cpp">
      <Filter>Source Files</Filter>
    </ClCompile>
    <ClCompile Include="BaseLight.cpp">
      <Filter>Light Source</Filter>
    </ClCompile>
    <ClCompile Include="DirectionalLight.cpp">
      <Filter>Light Source</Filter>
    </ClCompile>
    <ClCompile Include="AmbientLight.cpp">
      <Filter>Light Source</Filter>
    </ClCompile>
  </ItemGroup>
  <ItemGroup>
    <Image Include="Rasteriser.ico">
      <Filter>Resource Files</Filter>
    </Image>
    <Image Include="small.ico">
      <Filter>Resource Files</Filter>
    </Image>
  </ItemGroup>
  <ItemGroup>
    <ResourceCompile Include="Rasteriser.rc">
      <Filter>Resource Files</Filter>
    </ResourceCompile>
  </ItemGroup>
  <ItemGroup>
    <None Include="cube.md2">
      <Filter>MD2 Files</Filter>
    </None>
    <None Include="Assets\car.md2">
      <Filter>MD2 Files</Filter>
    </None>
    <None Include="Assets\cartman.md2">
      <Filter>MD2 Files</Filter>
    </None>
    <None Include="Assets\chef.md2">
      <Filter>MD2 Files</Filter>
    </None>
    <None Include="Assets\cow.md2">
      <Filter>MD2 Files</Filter>
    </None>
    <None Include="Assets\fighter.md2">
      <Filter>MD2 Files</Filter>
    </None>
    <None Include="Assets\helicopter.md2">
      <Filter>MD2 Files</Filter>
    </None>
    <None Include="Assets\hummer.md2">
      <Filter>MD2 Files</Filter>
    </None>
    <None Include="Assets\kenny.md2">
      <Filter>MD2 Files</Filter>
    </None>
    <None Include="Assets\marvin.md2">
      <Filter>MD2 Files</Filter>
    </None>
    <None Include="Assets\policecar.md2">
      <Filter>MD2 Files</Filter>
    </None>
    <None Include="Assets\teapot.md2">
      <Filter>MD2 Files</Filter>
    </None>
    <None Include="Assets\van.md2">
      <Filter>MD2 Files</Filter>
    </None>
  </ItemGroup>
</Project>